
Microsoft Visual Studio Solution File, Format Version 12.00
# Visual Studio Version 16
VisualStudioVersion = 16.0.30114.105
MinimumVisualStudioVersion = 10.0.40219.1
Project("{FAE04EC0-301F-11D3-BF4B-00C04F79EFBC}") = "BismuthAPI", "BismuthAPI\BismuthAPI.csproj", "{84AEAE86-CD07-4D6F-A026-1308B8DFC1CE}"
EndProject
Global
	GlobalSection(SolutionConfigurationPlatforms) = preSolution
		Debug|Any CPU = Debug|Any CPU
		Release|Any CPU = Release|Any CPU
	EndGlobalSection
	GlobalSection(SolutionProperties) = preSolution
		HideSolutionNode = FALSE
	EndGlobalSection
	GlobalSection(ProjectConfigurationPlatforms) = postSolution
		{84AEAE86-CD07-4D6F-A026-1308B8DFC1CE}.Debug|Any CPU.ActiveCfg = Debug|Any CPU
		{84AEAE86-CD07-4D6F-A026-1308B8DFC1CE}.Debug|Any CPU.Build.0 = Debug|Any CPU
		{84AEAE86-CD07-4D6F-A026-1308B8DFC1CE}.Release|Any CPU.ActiveCfg = Release|Any CPU
		{84AEAE86-CD07-4D6F-A026-1308B8DFC1CE}.Release|Any CPU.Build.0 = Release|Any CPU
	EndGlobalSection
EndGlobal
