
Microsoft Visual Studio Solution File, Format Version 12.00
# Visual Studio Version 16
VisualStudioVersion = 16.0.30114.105
MinimumVisualStudioVersion = 10.0.40219.1
Project("{2150E333-8FDC-42A3-9474-1A3956D46DE8}") = "Services", "Services", "{7BC97252-6279-4202-8648-7C486F7A6007}"
EndProject
Project("{FAE04EC0-301F-11D3-BF4B-00C04F79EFBC}") = "IssueAPI", "Services\IssueAPI\IssueAPI.csproj", "{7A1C463D-F267-406C-AF5F-483F0821FF6F}"
EndProject
Project("{FAE04EC0-301F-11D3-BF4B-00C04F79EFBC}") = "UserAPI", "Services\UserAPI\UserAPI.csproj", "{68C0D7AE-4543-4A3D-8849-7649E4719EE7}"
EndProject
Project("{FAE04EC0-301F-11D3-BF4B-00C04F79EFBC}") = "AuthAPI", "Services\AuthAPI\AuthAPI.csproj", "{32D87D32-FE60-4EDF-9260-AED46DD13A3A}"
EndProject
Project("{2150E333-8FDC-42A3-9474-1A3956D46DE8}") = "Libraries", "Libraries", "{7FA6D31C-4F15-4BB0-8382-CF2344FA5561}"
EndProject
Project("{FAE04EC0-301F-11D3-BF4B-00C04F79EFBC}") = "Bismuth.Domain", "Libraries\Bismuth.Domain\Bismuth.Domain.csproj", "{C5B31ABB-0161-47AD-85AB-D8DD23A143D2}"
EndProject
Project("{FAE04EC0-301F-11D3-BF4B-00C04F79EFBC}") = "Bismuth.Crypto", "Libraries\Bismuth.Crypto\Bismuth.Crypto.csproj", "{C2EBC669-3B2F-4572-8D98-BC87CE24F960}"
EndProject
Project("{2150E333-8FDC-42A3-9474-1A3956D46DE8}") = "ApiGateways", "ApiGateways", "{A7586B71-3C2C-4569-A672-A3A4A44F0A19}"
EndProject
Project("{FAE04EC0-301F-11D3-BF4B-00C04F79EFBC}") = "Web.Bismuth", "ApiGateways\Web.Bismuth\Web.Bismuth.csproj", "{F6DB8EE0-0753-4378-89F8-F3EFB89F898D}"
EndProject
Project("{FAE04EC0-301F-11D3-BF4B-00C04F79EFBC}") = "Bismuth.Contracts", "Libraries\Bismuth.Contracts\Bismuth.Contracts.csproj", "{F8365BA9-7AD4-43E1-9CAD-D4C2186F2979}"
EndProject
Project("{2150E333-8FDC-42A3-9474-1A3956D46DE8}") = "UnitTests", "UnitTests", "{410604F8-27D7-4B9B-B85B-DA629C081E90}"
EndProject
Project("{FAE04EC0-301F-11D3-BF4B-00C04F79EFBC}") = "UserAPI.Tests", "UnitTests\UserAPI.Tests\UserAPI.Tests.csproj", "{EFA44AC3-10C3-45DF-AB57-EB979AFB2EAD}"
EndProject
Project("{FAE04EC0-301F-11D3-BF4B-00C04F79EFBC}") = "Bismuth.Core", "Libraries\Bismuth.Core\Bismuth.Core.csproj", "{9B12CB73-0FAA-41CA-83A7-D5051AAB0E3C}"
EndProject
Global
	GlobalSection(SolutionConfigurationPlatforms) = preSolution
		Debug|Any CPU = Debug|Any CPU
		Release|Any CPU = Release|Any CPU
	EndGlobalSection
	GlobalSection(SolutionProperties) = preSolution
		HideSolutionNode = FALSE
	EndGlobalSection
	GlobalSection(ProjectConfigurationPlatforms) = postSolution
		{7A1C463D-F267-406C-AF5F-483F0821FF6F}.Debug|Any CPU.ActiveCfg = Debug|Any CPU
		{7A1C463D-F267-406C-AF5F-483F0821FF6F}.Debug|Any CPU.Build.0 = Debug|Any CPU
		{7A1C463D-F267-406C-AF5F-483F0821FF6F}.Release|Any CPU.ActiveCfg = Release|Any CPU
		{7A1C463D-F267-406C-AF5F-483F0821FF6F}.Release|Any CPU.Build.0 = Release|Any CPU
		{68C0D7AE-4543-4A3D-8849-7649E4719EE7}.Debug|Any CPU.ActiveCfg = Debug|Any CPU
		{68C0D7AE-4543-4A3D-8849-7649E4719EE7}.Debug|Any CPU.Build.0 = Debug|Any CPU
		{68C0D7AE-4543-4A3D-8849-7649E4719EE7}.Release|Any CPU.ActiveCfg = Release|Any CPU
		{68C0D7AE-4543-4A3D-8849-7649E4719EE7}.Release|Any CPU.Build.0 = Release|Any CPU
		{32D87D32-FE60-4EDF-9260-AED46DD13A3A}.Debug|Any CPU.ActiveCfg = Debug|Any CPU
		{32D87D32-FE60-4EDF-9260-AED46DD13A3A}.Debug|Any CPU.Build.0 = Debug|Any CPU
		{32D87D32-FE60-4EDF-9260-AED46DD13A3A}.Release|Any CPU.ActiveCfg = Release|Any CPU
		{32D87D32-FE60-4EDF-9260-AED46DD13A3A}.Release|Any CPU.Build.0 = Release|Any CPU
		{C2EBC669-3B2F-4572-8D98-BC87CE24F960}.Debug|Any CPU.ActiveCfg = Debug|Any CPU
		{C2EBC669-3B2F-4572-8D98-BC87CE24F960}.Debug|Any CPU.Build.0 = Debug|Any CPU
		{C2EBC669-3B2F-4572-8D98-BC87CE24F960}.Release|Any CPU.ActiveCfg = Release|Any CPU
		{C2EBC669-3B2F-4572-8D98-BC87CE24F960}.Release|Any CPU.Build.0 = Release|Any CPU
		{F6DB8EE0-0753-4378-89F8-F3EFB89F898D}.Debug|Any CPU.ActiveCfg = Debug|Any CPU
		{F6DB8EE0-0753-4378-89F8-F3EFB89F898D}.Debug|Any CPU.Build.0 = Debug|Any CPU
		{F6DB8EE0-0753-4378-89F8-F3EFB89F898D}.Release|Any CPU.ActiveCfg = Release|Any CPU
		{F6DB8EE0-0753-4378-89F8-F3EFB89F898D}.Release|Any CPU.Build.0 = Release|Any CPU
		{C5B31ABB-0161-47AD-85AB-D8DD23A143D2}.Debug|Any CPU.ActiveCfg = Debug|Any CPU
		{C5B31ABB-0161-47AD-85AB-D8DD23A143D2}.Debug|Any CPU.Build.0 = Debug|Any CPU
		{C5B31ABB-0161-47AD-85AB-D8DD23A143D2}.Release|Any CPU.ActiveCfg = Release|Any CPU
		{C5B31ABB-0161-47AD-85AB-D8DD23A143D2}.Release|Any CPU.Build.0 = Release|Any CPU
		{F8365BA9-7AD4-43E1-9CAD-D4C2186F2979}.Debug|Any CPU.ActiveCfg = Debug|Any CPU
		{F8365BA9-7AD4-43E1-9CAD-D4C2186F2979}.Debug|Any CPU.Build.0 = Debug|Any CPU
		{F8365BA9-7AD4-43E1-9CAD-D4C2186F2979}.Release|Any CPU.ActiveCfg = Release|Any CPU
		{F8365BA9-7AD4-43E1-9CAD-D4C2186F2979}.Release|Any CPU.Build.0 = Release|Any CPU
		{EFA44AC3-10C3-45DF-AB57-EB979AFB2EAD}.Debug|Any CPU.ActiveCfg = Debug|Any CPU
		{EFA44AC3-10C3-45DF-AB57-EB979AFB2EAD}.Debug|Any CPU.Build.0 = Debug|Any CPU
		{EFA44AC3-10C3-45DF-AB57-EB979AFB2EAD}.Release|Any CPU.ActiveCfg = Release|Any CPU
		{EFA44AC3-10C3-45DF-AB57-EB979AFB2EAD}.Release|Any CPU.Build.0 = Release|Any CPU
		{9B12CB73-0FAA-41CA-83A7-D5051AAB0E3C}.Debug|Any CPU.ActiveCfg = Debug|Any CPU
		{9B12CB73-0FAA-41CA-83A7-D5051AAB0E3C}.Debug|Any CPU.Build.0 = Debug|Any CPU
		{9B12CB73-0FAA-41CA-83A7-D5051AAB0E3C}.Release|Any CPU.ActiveCfg = Release|Any CPU
		{9B12CB73-0FAA-41CA-83A7-D5051AAB0E3C}.Release|Any CPU.Build.0 = Release|Any CPU
	EndGlobalSection
	GlobalSection(NestedProjects) = preSolution
		{7A1C463D-F267-406C-AF5F-483F0821FF6F} = {7BC97252-6279-4202-8648-7C486F7A6007}
		{68C0D7AE-4543-4A3D-8849-7649E4719EE7} = {7BC97252-6279-4202-8648-7C486F7A6007}
		{32D87D32-FE60-4EDF-9260-AED46DD13A3A} = {7BC97252-6279-4202-8648-7C486F7A6007}
		{C2EBC669-3B2F-4572-8D98-BC87CE24F960} = {7FA6D31C-4F15-4BB0-8382-CF2344FA5561}
		{F6DB8EE0-0753-4378-89F8-F3EFB89F898D} = {A7586B71-3C2C-4569-A672-A3A4A44F0A19}
		{C5B31ABB-0161-47AD-85AB-D8DD23A143D2} = {7FA6D31C-4F15-4BB0-8382-CF2344FA5561}
		{F8365BA9-7AD4-43E1-9CAD-D4C2186F2979} = {7FA6D31C-4F15-4BB0-8382-CF2344FA5561}
		{EFA44AC3-10C3-45DF-AB57-EB979AFB2EAD} = {410604F8-27D7-4B9B-B85B-DA629C081E90}
		{9B12CB73-0FAA-41CA-83A7-D5051AAB0E3C} = {7FA6D31C-4F15-4BB0-8382-CF2344FA5561}
	EndGlobalSection
EndGlobal
